{
  "version": 4,
  "terraform_version": "1.2.5",
  "serial": 16,
  "lineage": "858fa730-bfb1-640c-4b49-12fb73fed173",
  "outputs": {
    "billing_id": {
      "value": "019741-2E2775-E93160",
      "type": "string"
    },
    "billing_name": {
      "value": "My Billing Account",
      "type": "string"
    },
    "random_result": {
      "value": "vpqkhgmlydrkzwap",
      "type": "string"
    }
  },
  "resources": [
    {
      "mode": "data",
      "type": "google_billing_account",
      "name": "my_acct",
      "provider": "provider[\"registry.terraform.io/hashicorp/google\"]",
      "instances": [
        {
          "schema_version": 0,
          "attributes": {
            "billing_account": null,
            "display_name": "My Billing Account",
            "id": "019741-2E2775-E93160",
            "name": "billingAccounts/019741-2E2775-E93160",
            "open": true,
            "project_ids": [
              "vpqkhgmlydrkzwap"
            ]
          },
          "sensitive_attributes": []
        }
      ]
    },
    {
      "mode": "managed",
      "type": "google_project",
      "name": "samara_gcp_project1",
      "provider": "provider[\"registry.terraform.io/hashicorp/google\"]",
      "instances": [
        {
          "schema_version": 1,
          "attributes": {
            "auto_create_network": true,
            "billing_account": "019741-2E2775-E93160",
            "folder_id": null,
            "id": "projects/vpqkhgmlydrkzwap",
            "labels": {},
            "name": "team3",
            "number": "638046640112",
            "org_id": null,
            "project_id": "vpqkhgmlydrkzwap",
            "skip_delete": null,
            "timeouts": null
          },
          "sensitive_attributes": [],
          "private": "eyJlMmJmYjczMC1lY2FhLTExZTYtOGY4OC0zNDM2M2JjN2M0YzAiOnsiY3JlYXRlIjo2MDAwMDAwMDAwMDAsImRlbGV0ZSI6NjAwMDAwMDAwMDAwLCJyZWFkIjo2MDAwMDAwMDAwMDAsInVwZGF0ZSI6NjAwMDAwMDAwMDAwfSwic2NoZW1hX3ZlcnNpb24iOiIxIn0=",
          "dependencies": [
            "data.google_billing_account.my_acct",
            "random_string.my_str"
          ]
        }
      ]
    },
    {
      "mode": "managed",
      "type": "null_resource",
      "name": "project_set",
      "provider": "provider[\"registry.terraform.io/hashicorp/null\"]",
      "instances": [
        {
          "schema_version": 0,
          "attributes": {
            "id": "2721395763513309191",
            "triggers": {
              "always_run": "2022-07-31T19:25:14Z"
            }
          },
          "sensitive_attributes": [],
          "private": "bnVsbA==",
          "dependencies": [
            "google_project.samara_gcp_project1"
          ]
        }
      ]
    },
    {
      "mode": "managed",
      "type": "random_string",
      "name": "my_str",
      "provider": "provider[\"registry.terraform.io/hashicorp/random\"]",
      "instances": [
        {
          "schema_version": 2,
          "attributes": {
            "id": "vpqkhgmlydrkzwap",
            "keepers": null,
            "length": 16,
            "lower": true,
            "min_lower": 0,
            "min_numeric": 0,
            "min_special": 0,
            "min_upper": 0,
            "number": false,
            "numeric": false,
            "override_special": null,
            "result": "vpqkhgmlydrkzwap",
            "special": false,
            "upper": false
          },
          "sensitive_attributes": [],
          "private": "eyJzY2hlbWFfdmVyc2lvbiI6IjIifQ=="
        }
      ]
    }
  ]
}
