{
  "version": 4,
  "terraform_version": "1.2.5",
  "serial": 10,
  "lineage": "858fa730-bfb1-640c-4b49-12fb73fed173",
  "outputs": {
    "billing_id": {
      "value": "019741-2E2775-E93160",
      "type": "string"
    },
    "billing_name": {
      "value": "My Billing Account",
      "type": "string"
    },
    "random_result": {
      "value": "eKwUzxEARopoCoiN",
      "type": "string"
    }
  },
  "resources": [
    {
      "mode": "data",
      "type": "google_billing_account",
      "name": "my_acct",
      "provider": "provider[\"registry.terraform.io/hashicorp/google\"]",
      "instances": [
        {
          "schema_version": 0,
          "attributes": {
            "billing_account": null,
            "display_name": "My Billing Account",
            "id": "019741-2E2775-E93160",
            "name": "billingAccounts/019741-2E2775-E93160",
            "open": true,
            "project_ids": []
          },
          "sensitive_attributes": []
        }
      ]
    },
    {
      "mode": "managed",
      "type": "google_project",
      "name": "samara_gcp_project1",
      "provider": "provider[\"registry.terraform.io/hashicorp/google\"]",
      "instances": []
    },
    {
      "mode": "managed",
      "type": "random_string",
      "name": "my_str",
      "provider": "provider[\"registry.terraform.io/hashicorp/random\"]",
      "instances": [
        {
          "schema_version": 2,
          "attributes": {
            "id": "eKwUzxEARopoCoiN",
            "keepers": null,
            "length": 16,
            "lower": true,
            "min_lower": 0,
            "min_numeric": 0,
            "min_special": 0,
            "min_upper": 0,
            "number": false,
            "numeric": false,
            "override_special": null,
            "result": "eKwUzxEARopoCoiN",
            "special": false,
            "upper": true
          },
          "sensitive_attributes": [],
          "private": "eyJzY2hlbWFfdmVyc2lvbiI6IjIifQ=="
        }
      ]
    }
  ]
}
